PODS:
  - Alamofire (4.7.3)
  - JWTDecode (2.1.1)
  - RxBlocking (4.2.0):
    - RxSwift (~> 4.0)
  - RxSwift (4.2.0)

DEPENDENCIES:
  - Alamofire (~> 4.1)
  - JWTDecode (~> 2.1)
  - RxBlocking
  - RxSwift (~> 4.1)

SPEC REPOS:
  https://github.com/cocoapods/specs.git:
    - Alamofire
    - JWTDecode
    - RxBlocking
    - RxSwift

SPEC CHECKSUMS:
  Alamofire: c7287b6e5d7da964a70935e5db17046b7fde6568
  JWTDecode: 83e8b381aafe27158d9f692cbdca2b12d61d460c
  RxBlocking: e339d8a6e752e25ade95ff858466c55436668f59
  RxSwift: 99e10317ddfcc7fbe01356aafd118fde4a0be104

PODFILE CHECKSUM: 8126ddf84c6fc3c564d6b38e7365763e928cb0e0

COCOAPODS: 1.5.2
