PODS:
  - Alamofire (4.7.0)
  - AlamofireObjectMapper (5.0.0):
    - Alamofire (~> 4.1)
    - ObjectMapper (~> 3.0)
  - JWTDecode (2.0.0)
  - KeychainAccess (3.1.0)
  - ObjectMapper (3.1.0)
  - RxBlocking (4.1.2):
    - RxSwift (~> 4.0)
  - RxSwift (4.1.2)

DEPENDENCIES:
  - Alamofire (~> 4.1)
  - AlamofireObjectMapper (~> 5.0)
  - JWTDecode (= 2.0.0)
  - KeychainAccess (= 3.1)
  - ObjectMapper (~> 3.1)
  - RxBlocking
  - RxSwift (~> 4.1)

SPEC CHECKSUMS:
  Alamofire: 907e0a98eb68cdb7f9d1f541a563d6ac5dc77b25
  AlamofireObjectMapper: 5fafc816351cbbc0d486611aaeba7461c0cbad49
  JWTDecode: 178e47e5d28d3abcff778bacced8342858cd6cb5
  KeychainAccess: 94c5540b32eabf7bc32bfb976a268e8ea05fd6da
  ObjectMapper: 20505058f54e5c3ca69e1d6de9897d152a5369a6
  RxBlocking: f6054985901412fc8c02daa84e92d4ba68c61389
  RxSwift: e49536837d9901277638493ea537394d4b55f570

PODFILE CHECKSUM: b9a627f7fe85bbf789f149c908b7dd8ff4db77bb

COCOAPODS: 1.4.0
